{
  "lockfileVersion": 1,
  "workspaces": {
    "": {
      "name": "unravel",
      "devDependencies": {
        "prettier": "^3.3.3",
      },
    },
  },
  "packages": {
    "prettier": ["prettier@3.9.6", "", { "bin": { "prettier": "bin/prettier.cjs" } }, "sha512-OpN0zzVdiaiAhxpuuj5efpIS4sY9j7bY6uR5mnj5yPzGkdkjNKSJeUThPb60Jw29QuAZgA4o+/iB49kFiaBX6g=="],
  }
}
